{
  "name": "@hyrious/rvdata2-textconv",
  "version": "0.1.0",
  "lockfileVersion": 3,
  "requires": true,
  "packages": {
    "": {
      "name": "@hyrious/rvdata2-textconv",
      "version": "0.1.0",
      "license": "MIT",
      "dependencies": {
        "@hyrious/marshal": "^0.2.4"
      },
      "bin": {
        "rvdata2-textconv": "bin.js"
      }
    },
    "node_modules/@hyrious/marshal": {
      "version": "0.2.4",
      "resolved": "https://registry.npmjs.org/@hyrious/marshal/-/marshal-0.2.4.tgz",
      "integrity": "sha512-ftfBdcisaKhoTSCQDyl5GWnABCO/ucPNbUlblmTyQMUcuOT+OIeXGgVaDPq/s/HrY0XMIgwX1SIU336JThc6Nw==",
      "engines": {
        "node": "^14.18.0 || >=16.0.0"
      }
    }
  }
}
