{
  "name": "@hyrious/rvdata2-textconv",
  "version": "0.1.0",
  "lockfileVersion": 3,
  "requires": true,
  "packages": {
    "": {
      "name": "@hyrious/rvdata2-textconv",
      "version": "0.1.0",
      "license": "MIT",
      "dependencies": {
        "@hyrious/marshal": "^0.3.3"
      },
      "bin": {
        "rvdata2-textconv": "bin.js"
      }
    },
    "node_modules/@hyrious/marshal": {
      "version": "0.3.3",
      "resolved": "https://registry.npmjs.org/@hyrious/marshal/-/marshal-0.3.3.tgz",
      "integrity": "sha512-Sprz5CmX+V5MEbgOfXB0iqJS2i703RsV2cXSKC3++Y+4EeUvZPJlv0tgvoBRNT7mvb6aUu7UeOzfiowXlAOmew==",
      "engines": {
        "node": "^14.18.0 || >=16.0.0"
      }
    }
  }
}
